
Microsoft Visual Studio Solution File, Format Version 12.00
# Visual Studio 15
VisualStudioVersion = 15.0.28307.136
MinimumVisualStudioVersion = 10.0.40219.1
Project("{9A19103F-16F7-4668-BE54-9A1E7A4F7556}") = "PointOfSales.Core", "PointOfSales.Core\PointOfSales.Core.csproj", "{ED57A0CD-A50F-4A16-82D8-9BF8680E91E9}"
EndProject
Project("{9A19103F-16F7-4668-BE54-9A1E7A4F7556}") = "PointOfSales.WebUI", "PointOfSales.WebUI\PointOfSales.WebUI.csproj", "{6484FF3A-5B26-4180-9F09-092669A3F894}"
EndProject
Project("{9A19103F-16F7-4668-BE54-9A1E7A4F7556}") = "PointOfSales.Test", "PointOfSales.Test\PointOfSales.Test.csproj", "{F58F3B43-4E12-45E6-8F25-3EC81F3462F6}"
EndProject
Project("{9A19103F-16F7-4668-BE54-9A1E7A4F7556}") = "PointOfSales.AppConsole", "PointOfSales.AppConsole\PointOfSales.AppConsole.csproj", "{4D9A4E23-4172-4612-86EA-8003965FF2D7}"
EndProject
Project("{FAE04EC0-301F-11D3-BF4B-00C04F79EFBC}") = "EFTriggerHelper", "EFTriggerHelper\EFTriggerHelper.csproj", "{1760A478-7D9E-41D4-8A92-FC111EDD66FB}"
EndProject
Global
	GlobalSection(SolutionConfigurationPlatforms) = preSolution
		Debug|Any CPU = Debug|Any CPU
		Release|Any CPU = Release|Any CPU
	EndGlobalSection
	GlobalSection(ProjectConfigurationPlatforms) = postSolution
		{ED57A0CD-A50F-4A16-82D8-9BF8680E91E9}.Debug|Any CPU.ActiveCfg = Debug|Any CPU
		{ED57A0CD-A50F-4A16-82D8-9BF8680E91E9}.Debug|Any CPU.Build.0 = Debug|Any CPU
		{ED57A0CD-A50F-4A16-82D8-9BF8680E91E9}.Release|Any CPU.ActiveCfg = Release|Any CPU
		{ED57A0CD-A50F-4A16-82D8-9BF8680E91E9}.Release|Any CPU.Build.0 = Release|Any CPU
		{6484FF3A-5B26-4180-9F09-092669A3F894}.Debug|Any CPU.ActiveCfg = Debug|Any CPU
		{6484FF3A-5B26-4180-9F09-092669A3F894}.Debug|Any CPU.Build.0 = Debug|Any CPU
		{6484FF3A-5B26-4180-9F09-092669A3F894}.Release|Any CPU.ActiveCfg = Release|Any CPU
		{6484FF3A-5B26-4180-9F09-092669A3F894}.Release|Any CPU.Build.0 = Release|Any CPU
		{F58F3B43-4E12-45E6-8F25-3EC81F3462F6}.Debug|Any CPU.ActiveCfg = Debug|Any CPU
		{F58F3B43-4E12-45E6-8F25-3EC81F3462F6}.Debug|Any CPU.Build.0 = Debug|Any CPU
		{F58F3B43-4E12-45E6-8F25-3EC81F3462F6}.Release|Any CPU.ActiveCfg = Release|Any CPU
		{F58F3B43-4E12-45E6-8F25-3EC81F3462F6}.Release|Any CPU.Build.0 = Release|Any CPU
		{4D9A4E23-4172-4612-86EA-8003965FF2D7}.Debug|Any CPU.ActiveCfg = Debug|Any CPU
		{4D9A4E23-4172-4612-86EA-8003965FF2D7}.Debug|Any CPU.Build.0 = Debug|Any CPU
		{4D9A4E23-4172-4612-86EA-8003965FF2D7}.Release|Any CPU.ActiveCfg = Release|Any CPU
		{4D9A4E23-4172-4612-86EA-8003965FF2D7}.Release|Any CPU.Build.0 = Release|Any CPU
		{1760A478-7D9E-41D4-8A92-FC111EDD66FB}.Debug|Any CPU.ActiveCfg = Debug|Any CPU
		{1760A478-7D9E-41D4-8A92-FC111EDD66FB}.Debug|Any CPU.Build.0 = Debug|Any CPU
		{1760A478-7D9E-41D4-8A92-FC111EDD66FB}.Release|Any CPU.ActiveCfg = Release|Any CPU
		{1760A478-7D9E-41D4-8A92-FC111EDD66FB}.Release|Any CPU.Build.0 = Release|Any CPU
	EndGlobalSection
	GlobalSection(SolutionProperties) = preSolution
		HideSolutionNode = FALSE
	EndGlobalSection
	GlobalSection(ExtensibilityGlobals) = postSolution
		SolutionGuid = {1BAD50DE-31FD-4C1A-A534-F31CFFCAEBC4}
	EndGlobalSection
EndGlobal
